
Microsoft Visual Studio Solution File, Format Version 12.00
# Visual Studio 15
VisualStudioVersion = 15.0.26730.16
MinimumVisualStudioVersion = 10.0.40219.1
Project("{FAE04EC0-301F-11D3-BF4B-00C04F79EFBC}") = "ChatBot", "ChatBot\ChatBot.csproj", "{A55B7464-4597-410F-9E23-742BD03CE750}"
EndProject
Project("{FAE04EC0-301F-11D3-BF4B-00C04F79EFBC}") = "ChatBotEngine", "ChatBotEngine\ChatBotEngine.csproj", "{47A403B2-60EF-409C-B72E-B16EEDD599A8}"
EndProject
Project("{FAE04EC0-301F-11D3-BF4B-00C04F79EFBC}") = "HardlyCommon", "..\HardlyCommon\HardlyCommon.csproj", "{00174C6B-A135-42A7-AF86-CA81806820A5}"
EndProject
Global
	GlobalSection(SolutionConfigurationPlatforms) = preSolution
		Bot|Any CPU = Bot|Any CPU
		Debug|Any CPU = Debug|Any CPU
		Release|Any CPU = Release|Any CPU
	EndGlobalSection
	GlobalSection(ProjectConfigurationPlatforms) = postSolution
		{A55B7464-4597-410F-9E23-742BD03CE750}.Bot|Any CPU.ActiveCfg = Release|Any CPU
		{A55B7464-4597-410F-9E23-742BD03CE750}.Bot|Any CPU.Build.0 = Release|Any CPU
		{A55B7464-4597-410F-9E23-742BD03CE750}.Debug|Any CPU.ActiveCfg = Debug|Any CPU
		{A55B7464-4597-410F-9E23-742BD03CE750}.Debug|Any CPU.Build.0 = Debug|Any CPU
		{A55B7464-4597-410F-9E23-742BD03CE750}.Release|Any CPU.ActiveCfg = Release|Any CPU
		{A55B7464-4597-410F-9E23-742BD03CE750}.Release|Any CPU.Build.0 = Release|Any CPU
		{47A403B2-60EF-409C-B72E-B16EEDD599A8}.Bot|Any CPU.ActiveCfg = Release|Any CPU
		{47A403B2-60EF-409C-B72E-B16EEDD599A8}.Bot|Any CPU.Build.0 = Release|Any CPU
		{47A403B2-60EF-409C-B72E-B16EEDD599A8}.Debug|Any CPU.ActiveCfg = Debug|Any CPU
		{47A403B2-60EF-409C-B72E-B16EEDD599A8}.Debug|Any CPU.Build.0 = Debug|Any CPU
		{47A403B2-60EF-409C-B72E-B16EEDD599A8}.Release|Any CPU.ActiveCfg = Release|Any CPU
		{47A403B2-60EF-409C-B72E-B16EEDD599A8}.Release|Any CPU.Build.0 = Release|Any CPU
		{00174C6B-A135-42A7-AF86-CA81806820A5}.Bot|Any CPU.ActiveCfg = Bot|Any CPU
		{00174C6B-A135-42A7-AF86-CA81806820A5}.Bot|Any CPU.Build.0 = Bot|Any CPU
		{00174C6B-A135-42A7-AF86-CA81806820A5}.Debug|Any CPU.ActiveCfg = Debug|Any CPU
		{00174C6B-A135-42A7-AF86-CA81806820A5}.Debug|Any CPU.Build.0 = Debug|Any CPU
		{00174C6B-A135-42A7-AF86-CA81806820A5}.Release|Any CPU.ActiveCfg = Release|Any CPU
		{00174C6B-A135-42A7-AF86-CA81806820A5}.Release|Any CPU.Build.0 = Release|Any CPU
	EndGlobalSection
	GlobalSection(SolutionProperties) = preSolution
		HideSolutionNode = FALSE
	EndGlobalSection
	GlobalSection(ExtensibilityGlobals) = postSolution
		SolutionGuid = {DA673AB2-2566-4759-879B-088190A8F9D4}
	EndGlobalSection
EndGlobal
